// !$*UTF8*$!
{
	archiveVersion = 1;
	classes = {
	};
	objectVersion = 52;
	objects = {

/* Begin PBXBuildFile section */
		340C1B51259C6F58004C57BB /* TopMoviePreviewView.swift in Sources */ = {isa = PBXBuildFile; fileRef = 340C1B50259C6F58004C57BB /* TopMoviePreviewView.swift */; };
		340C1B54259C7594004C57BB /* SmallVerticalButton.swift in Sources */ = {isa = PBXBuildFile; fileRef = 340C1B53259C7594004C57BB /* SmallVerticalButton.swift */; };
		340C1B57259C7FEE004C57BB /* PlayButton.swift in Sources */ = {isa = PBXBuildFile; fileRef = 340C1B56259C7FEE004C57BB /* PlayButton.swift */; };
		344F19A525A1F5DD00BB4B26 /* CustomTabSwitcherView.swift in Sources */ = {isa = PBXBuildFile; fileRef = 344F19A425A1F5DD00BB4B26 /* CustomTabSwitcherView.swift */; };
		34669412259B0CAA007683A1 /* NettofurixuApp.swift in Sources */ = {isa = PBXBuildFile; fileRef = 34669411259B0CAA007683A1 /* NettofurixuApp.swift */; };
		34669414259B0CAA007683A1 /* ContentView.swift in Sources */ = {isa = PBXBuildFile; fileRef = 34669413259B0CAA007683A1 /* ContentView.swift */; };
		34669416259B0CAB007683A1 /* Assets.xcassets in Resources */ = {isa = PBXBuildFile; fileRef = 34669415259B0CAB007683A1 /* Assets.xcassets */; };
		34669419259B0CAB007683A1 /* Preview Assets.xcassets in Resources */ = {isa = PBXBuildFile; fileRef = 34669418259B0CAB007683A1 /* Preview Assets.xcassets */; };
		34669422259B0EB5007683A1 /* HomeView.swift in Sources */ = {isa = PBXBuildFile; fileRef = 34669421259B0EB5007683A1 /* HomeView.swift */; };
		34669427259B1068007683A1 /* KingfisherSwiftUI in Frameworks */ = {isa = PBXBuildFile; productRef = 34669426259B1068007683A1 /* KingfisherSwiftUI */; };
		3466942A259B1095007683A1 /* Movie.swift in Sources */ = {isa = PBXBuildFile; fileRef = 34669429259B1095007683A1 /* Movie.swift */; };
		3466942D259B1100007683A1 /* StandardHomeMovieView.swift in Sources */ = {isa = PBXBuildFile; fileRef = 3466942C259B1100007683A1 /* StandardHomeMovieView.swift */; };
		34669430259B1140007683A1 /* Helpers.swift in Sources */ = {isa = PBXBuildFile; fileRef = 3466942F259B1140007683A1 /* Helpers.swift */; };
		34669434259B1560007683A1 /* HomeViewModel.swift in Sources */ = {isa = PBXBuildFile; fileRef = 34669433259B1560007683A1 /* HomeViewModel.swift */; };
		346BB64525A46CAB0062A991 /* EpisodeView.swift in Sources */ = {isa = PBXBuildFile; fileRef = 346BB64425A46CAB0062A991 /* EpisodeView.swift */; };
		346FF969259E0792007A5854 /* MovieDetailView.swift in Sources */ = {isa = PBXBuildFile; fileRef = 346FF968259E0792007A5854 /* MovieDetailView.swift */; };
		346FF96C259E0C69007A5854 /* Episode.swift in Sources */ = {isa = PBXBuildFile; fileRef = 346FF96B259E0C69007A5854 /* Episode.swift */; };
		34BD160D25A3378A0074BB33 /* MoreLikeThisView.swift in Sources */ = {isa = PBXBuildFile; fileRef = 34BD160C25A3378A0074BB33 /* MoreLikeThisView.swift */; };
/* End PBXBuildFile section */

/* Begin PBXFileReference section */
		340C1B50259C6F58004C57BB /* TopMoviePreviewView.swift */ = {isa = PBXFileReference; lastKnownFileType = sourcecode.swift; path = TopMoviePreviewView.swift; sourceTree = "<group>"; };
		340C1B53259C7594004C57BB /* SmallVerticalButton.swift */ = {isa = PBXFileReference; lastKnownFileType = sourcecode.swift; path = SmallVerticalButton.swift; sourceTree = "<group>"; };
		340C1B56259C7FEE004C57BB /* PlayButton.swift */ = {isa = PBXFileReference; lastKnownFileType = sourcecode.swift; path = PlayButton.swift; sourceTree = "<group>"; };
		344F19A425A1F5DD00BB4B26 /* CustomTabSwitcherView.swift */ = {isa = PBXFileReference; lastKnownFileType = sourcecode.swift; path = CustomTabSwitcherView.swift; sourceTree = "<group>"; };
		3466940E259B0CAA007683A1 /* Nettofurixu.app */ = {isa = PBXFileReference; explicitFileType = wrapper.application; includeInIndex = 0; path = Nettofurixu.app; sourceTree = BUILT_PRODUCTS_DIR; };
		34669411259B0CAA007683A1 /* NettofurixuApp.swift */ = {isa = PBXFileReference; lastKnownFileType = sourcecode.swift; path = NettofurixuApp.swift; sourceTree = "<group>"; };
		34669413259B0CAA007683A1 /* ContentView.swift */ = {isa = PBXFileReference; lastKnownFileType = sourcecode.swift; path = ContentView.swift; sourceTree = "<group>"; };
		34669415259B0CAB007683A1 /* Assets.xcassets */ = {isa = PBXFileReference; lastKnownFileType = folder.assetcatalog; path = Assets.xcassets; sourceTree = "<group>"; };
		34669418259B0CAB007683A1 /* Preview Assets.xcassets */ = {isa = PBXFileReference; lastKnownFileType = folder.assetcatalog; path = "Preview Assets.xcassets"; sourceTree = "<group>"; };
		3466941A259B0CAB007683A1 /* Info.plist */ = {isa = PBXFileReference; lastKnownFileType = text.plist.xml; path = Info.plist; sourceTree = "<group>"; };
		34669421259B0EB5007683A1 /* HomeView.swift */ = {isa = PBXFileReference; lastKnownFileType = sourcecode.swift; path = HomeView.swift; sourceTree = "<group>"; };
		34669429259B1095007683A1 /* Movie.swift */ = {isa = PBXFileReference; lastKnownFileType = sourcecode.swift; path = Movie.swift; sourceTree = "<group>"; };
		3466942C259B1100007683A1 /* StandardHomeMovieView.swift */ = {isa = PBXFileReference; lastKnownFileType = sourcecode.swift; path = StandardHomeMovieView.swift; sourceTree = "<group>"; };
		3466942F259B1140007683A1 /* Helpers.swift */ = {isa = PBXFileReference; lastKnownFileType = sourcecode.swift; path = Helpers.swift; sourceTree = "<group>"; };
		34669433259B1560007683A1 /* HomeViewModel.swift */ = {isa = PBXFileReference; lastKnownFileType = sourcecode.swift; path = HomeViewModel.swift; sourceTree = "<group>"; };
		346BB64425A46CAB0062A991 /* EpisodeView.swift */ = {isa = PBXFileReference; lastKnownFileType = sourcecode.swift; path = EpisodeView.swift; sourceTree = "<group>"; };
		346FF968259E0792007A5854 /* MovieDetailView.swift */ = {isa = PBXFileReference; lastKnownFileType = sourcecode.swift; path = MovieDetailView.swift; sourceTree = "<group>"; };
		346FF96B259E0C69007A5854 /* Episode.swift */ = {isa = PBXFileReference; lastKnownFileType = sourcecode.swift; path = Episode.swift; sourceTree = "<group>"; };
		34BD160C25A3378A0074BB33 /* MoreLikeThisView.swift */ = {isa = PBXFileReference; lastKnownFileType = sourcecode.swift; path = MoreLikeThisView.swift; sourceTree = "<group>"; };
/* End PBXFileReference section */

/* Begin PBXFrameworksBuildPhase section */
		3466940B259B0CAA007683A1 /* Frameworks */ = {
			isa = PBXFrameworksBuildPhase;
			buildActionMask = 2147483647;
			files = (
				34669427259B1068007683A1 /* KingfisherSwiftUI in Frameworks */,
			);
			runOnlyForDeploymentPostprocessing = 0;
		};
/* End PBXFrameworksBuildPhase section */

/* Begin PBXGroup section */
		340C1B49259C6E1B004C57BB /* Models */ = {
			isa = PBXGroup;
			children = (
				34669429259B1095007683A1 /* Movie.swift */,
				346FF96B259E0C69007A5854 /* Episode.swift */,
			);
			path = Models;
			sourceTree = "<group>";
		};
		340C1B4B259C6E31004C57BB /* Views */ = {
			isa = PBXGroup;
			children = (
				34669413259B0CAA007683A1 /* ContentView.swift */,
				34669421259B0EB5007683A1 /* HomeView.swift */,
				3466942C259B1100007683A1 /* StandardHomeMovieView.swift */,
				340C1B50259C6F58004C57BB /* TopMoviePreviewView.swift */,
				340C1B53259C7594004C57BB /* SmallVerticalButton.swift */,
				340C1B56259C7FEE004C57BB /* PlayButton.swift */,
				346FF968259E0792007A5854 /* MovieDetailView.swift */,
				344F19A425A1F5DD00BB4B26 /* CustomTabSwitcherView.swift */,
				34BD160C25A3378A0074BB33 /* MoreLikeThisView.swift */,
				346BB64425A46CAB0062A991 /* EpisodeView.swift */,
			);
			path = Views;
			sourceTree = "<group>";
		};
		340C1B4C259C6E38004C57BB /* Helpers */ = {
			isa = PBXGroup;
			children = (
				3466942F259B1140007683A1 /* Helpers.swift */,
			);
			path = Helpers;
			sourceTree = "<group>";
		};
		340C1B4F259C6E6F004C57BB /* App */ = {
			isa = PBXGroup;
			children = (
				34669411259B0CAA007683A1 /* NettofurixuApp.swift */,
			);
			path = App;
			sourceTree = "<group>";
		};
		34669405259B0CAA007683A1 = {
			isa = PBXGroup;
			children = (
				34669410259B0CAA007683A1 /* Nettofurixu */,
				3466940F259B0CAA007683A1 /* Products */,
			);
			sourceTree = "<group>";
		};
		3466940F259B0CAA007683A1 /* Products */ = {
			isa = PBXGroup;
			children = (
				3466940E259B0CAA007683A1 /* Nettofurixu.app */,
			);
			name = Products;
			sourceTree = "<group>";
		};
		34669410259B0CAA007683A1 /* Nettofurixu */ = {
			isa = PBXGroup;
			children = (
				340C1B4F259C6E6F004C57BB /* App */,
				340C1B4C259C6E38004C57BB /* Helpers */,
				340C1B4B259C6E31004C57BB /* Views */,
				340C1B49259C6E1B004C57BB /* Models */,
				34669436259B15A0007683A1 /* ViewModels */,
				34669415259B0CAB007683A1 /* Assets.xcassets */,
				3466941A259B0CAB007683A1 /* Info.plist */,
				34669417259B0CAB007683A1 /* Preview Content */,
			);
			path = Nettofurixu;
			sourceTree = "<group>";
		};
		34669417259B0CAB007683A1 /* Preview Content */ = {
			isa = PBXGroup;
			children = (
				34669418259B0CAB007683A1 /* Preview Assets.xcassets */,
			);
			path = "Preview Content";
			sourceTree = "<group>";
		};
		34669436259B15A0007683A1 /* ViewModels */ = {
			isa = PBXGroup;
			children = (
				34669433259B1560007683A1 /* HomeViewModel.swift */,
			);
			path = ViewModels;
			sourceTree = "<group>";
		};
/* End PBXGroup section */

/* Begin PBXNativeTarget section */
		3466940D259B0CAA007683A1 /* Nettofurixu */ = {
			isa = PBXNativeTarget;
			buildConfigurationList = 3466941D259B0CAB007683A1 /* Build configuration list for PBXNativeTarget "Nettofurixu" */;
			buildPhases = (
				3466940A259B0CAA007683A1 /* Sources */,
				3466940B259B0CAA007683A1 /* Frameworks */,
				3466940C259B0CAA007683A1 /* Resources */,
			);
			buildRules = (
			);
			dependencies = (
			);
			name = Nettofurixu;
			packageProductDependencies = (
				34669426259B1068007683A1 /* KingfisherSwiftUI */,
			);
			productName = Nettofurixu;
			productReference = 3466940E259B0CAA007683A1 /* Nettofurixu.app */;
			productType = "com.apple.product-type.application";
		};
/* End PBXNativeTarget section */

/* Begin PBXProject section */
		34669406259B0CAA007683A1 /* Project object */ = {
			isa = PBXProject;
			attributes = {
				LastSwiftUpdateCheck = 1220;
				LastUpgradeCheck = 1220;
				TargetAttributes = {
					3466940D259B0CAA007683A1 = {
						CreatedOnToolsVersion = 12.2;
					};
				};
			};
			buildConfigurationList = 34669409259B0CAA007683A1 /* Build configuration list for PBXProject "Nettofurixu" */;
			compatibilityVersion = "Xcode 9.3";
			developmentRegion = en;
			hasScannedForEncodings = 0;
			knownRegions = (
				en,
				Base,
			);
			mainGroup = 34669405259B0CAA007683A1;
			packageReferences = (
				34669425259B1068007683A1 /* XCRemoteSwiftPackageReference "Kingfisher" */,
			);
			productRefGroup = 3466940F259B0CAA007683A1 /* Products */;
			projectDirPath = "";
			projectRoot = "";
			targets = (
				3466940D259B0CAA007683A1 /* Nettofurixu */,
			);
		};
/* End PBXProject section */

/* Begin PBXResourcesBuildPhase section */
		3466940C259B0CAA007683A1 /* Resources */ = {
			isa = PBXResourcesBuildPhase;
			buildActionMask = 2147483647;
			files = (
				34669419259B0CAB007683A1 /* Preview Assets.xcassets in Resources */,
				34669416259B0CAB007683A1 /* Assets.xcassets in Resources */,
			);
			runOnlyForDeploymentPostprocessing = 0;
		};
/* End PBXResourcesBuildPhase section */

/* Begin PBXSourcesBuildPhase section */
		3466940A259B0CAA007683A1 /* Sources */ = {
			isa = PBXSourcesBuildPhase;
			buildActionMask = 2147483647;
			files = (
				34669422259B0EB5007683A1 /* HomeView.swift in Sources */,
				346FF96C259E0C69007A5854 /* Episode.swift in Sources */,
				340C1B57259C7FEE004C57BB /* PlayButton.swift in Sources */,
				34669430259B1140007683A1 /* Helpers.swift in Sources */,
				346BB64525A46CAB0062A991 /* EpisodeView.swift in Sources */,
				34BD160D25A3378A0074BB33 /* MoreLikeThisView.swift in Sources */,
				344F19A525A1F5DD00BB4B26 /* CustomTabSwitcherView.swift in Sources */,
				34669434259B1560007683A1 /* HomeViewModel.swift in Sources */,
				34669414259B0CAA007683A1 /* ContentView.swift in Sources */,
				340C1B51259C6F58004C57BB /* TopMoviePreviewView.swift in Sources */,
				3466942D259B1100007683A1 /* StandardHomeMovieView.swift in Sources */,
				3466942A259B1095007683A1 /* Movie.swift in Sources */,
				34669412259B0CAA007683A1 /* NettofurixuApp.swift in Sources */,
				340C1B54259C7594004C57BB /* SmallVerticalButton.swift in Sources */,
				346FF969259E0792007A5854 /* MovieDetailView.swift in Sources */,
			);
			runOnlyForDeploymentPostprocessing = 0;
		};
/* End PBXSourcesBuildPhase section */

/* Begin XCBuildConfiguration section */
		3466941B259B0CAB007683A1 /* Debug */ = {
			isa = XCBuildConfiguration;
			buildSettings = {
				ALWAYS_SEARCH_USER_PATHS = NO;
				CLANG_ANALYZER_NONNULL = YES;
				CLANG_ANALYZER_NUMBER_OBJECT_CONVERSION = YES_AGGRESSIVE;
				CLANG_CXX_LANGUAGE_STANDARD = "gnu++14";
				CLANG_CXX_LIBRARY = "libc++";
				CLANG_ENABLE_MODULES = YES;
				CLANG_ENABLE_OBJC_ARC = YES;
				CLANG_ENABLE_OBJC_WEAK = YES;
				CLANG_WARN_BLOCK_CAPTURE_AUTORELEASING = YES;
				CLANG_WARN_BOOL_CONVERSION = YES;
				CLANG_WARN_COMMA = YES;
				CLANG_WARN_CONSTANT_CONVERSION = YES;
				CLANG_WARN_DEPRECATED_OBJC_IMPLEMENTATIONS = YES;
				CLANG_WARN_DIRECT_OBJC_ISA_USAGE = YES_ERROR;
				CLANG_WARN_DOCUMENTATION_COMMENTS = YES;
				CLANG_WARN_EMPTY_BODY = YES;
				CLANG_WARN_ENUM_CONVERSION = YES;
				CLANG_WARN_INFINITE_RECURSION = YES;
				CLANG_WARN_INT_CONVERSION = YES;
				CLANG_WARN_NON_LITERAL_NULL_CONVERSION = YES;
				CLANG_WARN_OBJC_IMPLICIT_RETAIN_SELF = YES;
				CLANG_WARN_OBJC_LITERAL_CONVERSION = YES;
				CLANG_WARN_OBJC_ROOT_CLASS = YES_ERROR;
				CLANG_WARN_QUOTED_INCLUDE_IN_FRAMEWORK_HEADER = YES;
				CLANG_WARN_RANGE_LOOP_ANALYSIS = YES;
				CLANG_WARN_STRICT_PROTOTYPES = YES;
				CLANG_WARN_SUSPICIOUS_MOVE = YES;
				CLANG_WARN_UNGUARDED_AVAILABILITY = YES_AGGRESSIVE;
				CLANG_WARN_UNREACHABLE_CODE = YES;
				CLANG_WARN__DUPLICATE_METHOD_MATCH = YES;
				COPY_PHASE_STRIP = NO;
				DEBUG_INFORMATION_FORMAT = dwarf;
				ENABLE_STRICT_OBJC_MSGSEND = YES;
				ENABLE_TESTABILITY = YES;
				GCC_C_LANGUAGE_STANDARD = gnu11;
				GCC_DYNAMIC_NO_PIC = NO;
				GCC_NO_COMMON_BLOCKS = YES;
				GCC_OPTIMIZATION_LEVEL = 0;
				GCC_PREPROCESSOR_DEFINITIONS = (
					"DEBUG=1",
					"$(inherited)",
				);
				GCC_WARN_64_TO_32_BIT_CONVERSION = YES;
				GCC_WARN_ABOUT_RETURN_TYPE = YES_ERROR;
				GCC_WARN_UNDECLARED_SELECTOR = YES;
				GCC_WARN_UNINITIALIZED_AUTOS = YES_AGGRESSIVE;
				GCC_WARN_UNUSED_FUNCTION = YES;
				GCC_WARN_UNUSED_VARIABLE = YES;
				IPHONEOS_DEPLOYMENT_TARGET = 14.2;
				MTL_ENABLE_DEBUG_INFO = INCLUDE_SOURCE;
				MTL_FAST_MATH = YES;
				ONLY_ACTIVE_ARCH = YES;
				SDKROOT = iphoneos;
				SWIFT_ACTIVE_COMPILATION_CONDITIONS = DEBUG;
				SWIFT_OPTIMIZATION_LEVEL = "-Onone";
			};
			name = Debug;
		};
		3466941C259B0CAB007683A1 /* Release */ = {
			isa = XCBuildConfiguration;
			buildSettings = {
				ALWAYS_SEARCH_USER_PATHS = NO;
				CLANG_ANALYZER_NONNULL = YES;
				CLANG_ANALYZER_NUMBER_OBJECT_CONVERSION = YES_AGGRESSIVE;
				CLANG_CXX_LANGUAGE_STANDARD = "gnu++14";
				CLANG_CXX_LIBRARY = "libc++";
				CLANG_ENABLE_MODULES = YES;
				CLANG_ENABLE_OBJC_ARC = YES;
				CLANG_ENABLE_OBJC_WEAK = YES;
				CLANG_WARN_BLOCK_CAPTURE_AUTORELEASING = YES;
				CLANG_WARN_BOOL_CONVERSION = YES;
				CLANG_WARN_COMMA = YES;
				CLANG_WARN_CONSTANT_CONVERSION = YES;
				CLANG_WARN_DEPRECATED_OBJC_IMPLEMENTATIONS = YES;
				CLANG_WARN_DIRECT_OBJC_ISA_USAGE = YES_ERROR;
				CLANG_WARN_DOCUMENTATION_COMMENTS = YES;
				CLANG_WARN_EMPTY_BODY = YES;
				CLANG_WARN_ENUM_CONVERSION = YES;
				CLANG_WARN_INFINITE_RECURSION = YES;
				CLANG_WARN_INT_CONVERSION = YES;
				CLANG_WARN_NON_LITERAL_NULL_CONVERSION = YES;
				CLANG_WARN_OBJC_IMPLICIT_RETAIN_SELF = YES;
				CLANG_WARN_OBJC_LITERAL_CONVERSION = YES;
				CLANG_WARN_OBJC_ROOT_CLASS = YES_ERROR;
				CLANG_WARN_QUOTED_INCLUDE_IN_FRAMEWORK_HEADER = YES;
				CLANG_WARN_RANGE_LOOP_ANALYSIS = YES;
				CLANG_WARN_STRICT_PROTOTYPES = YES;
				CLANG_WARN_SUSPICIOUS_MOVE = YES;
				CLANG_WARN_UNGUARDED_AVAILABILITY = YES_AGGRESSIVE;
				CLANG_WARN_UNREACHABLE_CODE = YES;
				CLANG_WARN__DUPLICATE_METHOD_MATCH = YES;
				COPY_PHASE_STRIP = NO;
				DEBUG_INFORMATION_FORMAT = "dwarf-with-dsym";
				ENABLE_NS_ASSERTIONS = NO;
				ENABLE_STRICT_OBJC_MSGSEND = YES;
				GCC_C_LANGUAGE_STANDARD = gnu11;
				GCC_NO_COMMON_BLOCKS = YES;
				GCC_WARN_64_TO_32_BIT_CONVERSION = YES;
				GCC_WARN_ABOUT_RETURN_TYPE = YES_ERROR;
				GCC_WARN_UNDECLARED_SELECTOR = YES;
				GCC_WARN_UNINITIALIZED_AUTOS = YES_AGGRESSIVE;
				GCC_WARN_UNUSED_FUNCTION = YES;
				GCC_WARN_UNUSED_VARIABLE = YES;
				IPHONEOS_DEPLOYMENT_TARGET = 14.2;
				MTL_ENABLE_DEBUG_INFO = NO;
				MTL_FAST_MATH = YES;
				SDKROOT = iphoneos;
				SWIFT_COMPILATION_MODE = wholemodule;
				SWIFT_OPTIMIZATION_LEVEL = "-O";
				VALIDATE_PRODUCT = YES;
			};
			name = Release;
		};
		3466941E259B0CAB007683A1 /* Debug */ = {
			isa = XCBuildConfiguration;
			buildSettings = {
				ASSETCATALOG_COMPILER_APPICON_NAME = AppIcon;
				ASSETCATALOG_COMPILER_GLOBAL_ACCENT_COLOR_NAME = AccentColor;
				CODE_SIGN_STYLE = Automatic;
				DEVELOPMENT_ASSET_PATHS = "\"Nettofurixu/Preview Content\"";
				DEVELOPMENT_TEAM = N38EC3HSGY;
				ENABLE_PREVIEWS = YES;
				INFOPLIST_FILE = Nettofurixu/Info.plist;
				IPHONEOS_DEPLOYMENT_TARGET = 14.0;
				LD_RUNPATH_SEARCH_PATHS = (
					"$(inherited)",
					"@executable_path/Frameworks",
				);
				PRODUCT_BUNDLE_IDENTIFIER = com.nirajtiwari.Nettofurixu;
				PRODUCT_NAME = "$(TARGET_NAME)";
				SWIFT_VERSION = 5.0;
				TARGETED_DEVICE_FAMILY = "1,2";
			};
			name = Debug;
		};
		3466941F259B0CAB007683A1 /* Release */ = {
			isa = XCBuildConfiguration;
			buildSettings = {
				ASSETCATALOG_COMPILER_APPICON_NAME = AppIcon;
				ASSETCATALOG_COMPILER_GLOBAL_ACCENT_COLOR_NAME = AccentColor;
				CODE_SIGN_STYLE = Automatic;
				DEVELOPMENT_ASSET_PATHS = "\"Nettofurixu/Preview Content\"";
				DEVELOPMENT_TEAM = N38EC3HSGY;
				ENABLE_PREVIEWS = YES;
				INFOPLIST_FILE = Nettofurixu/Info.plist;
				IPHONEOS_DEPLOYMENT_TARGET = 14.0;
				LD_RUNPATH_SEARCH_PATHS = (
					"$(inherited)",
					"@executable_path/Frameworks",
				);
				PRODUCT_BUNDLE_IDENTIFIER = com.nirajtiwari.Nettofurixu;
				PRODUCT_NAME = "$(TARGET_NAME)";
				SWIFT_VERSION = 5.0;
				TARGETED_DEVICE_FAMILY = "1,2";
			};
			name = Release;
		};
/* End XCBuildConfiguration section */

/* Begin XCConfigurationList section */
		34669409259B0CAA007683A1 /* Build configuration list for PBXProject "Nettofurixu" */ = {
			isa = XCConfigurationList;
			buildConfigurations = (
				3466941B259B0CAB007683A1 /* Debug */,
				3466941C259B0CAB007683A1 /* Release */,
			);
			defaultConfigurationIsVisible = 0;
			defaultConfigurationName = Release;
		};
		3466941D259B0CAB007683A1 /* Build configuration list for PBXNativeTarget "Nettofurixu" */ = {
			isa = XCConfigurationList;
			buildConfigurations = (
				3466941E259B0CAB007683A1 /* Debug */,
				3466941F259B0CAB007683A1 /* Release */,
			);
			defaultConfigurationIsVisible = 0;
			defaultConfigurationName = Release;
		};
/* End XCConfigurationList section */

/* Begin XCRemoteSwiftPackageReference section */
		34669425259B1068007683A1 /* XCRemoteSwiftPackageReference "Kingfisher" */ = {
			isa = XCRemoteSwiftPackageReference;
			repositoryURL = "https://github.com/onevcat/Kingfisher";
			requirement = {
				kind = upToNextMajorVersion;
				minimumVersion = 5.14.1;
			};
		};
/* End XCRemoteSwiftPackageReference section */

/* Begin XCSwiftPackageProductDependency section */
		34669426259B1068007683A1 /* KingfisherSwiftUI */ = {
			isa = XCSwiftPackageProductDependency;
			package = 34669425259B1068007683A1 /* XCRemoteSwiftPackageReference "Kingfisher" */;
			productName = KingfisherSwiftUI;
		};
/* End XCSwiftPackageProductDependency section */
	};
	rootObject = 34669406259B0CAA007683A1 /* Project object */;
}
